schema: '2.0'
stages:
  postprocess_aggregate:
    cmd: mkdir data/intermediate; python scripts/postprocess_aggregate.py data/raw/modeloutput
      data/intermediate --debug
    deps:
    - path: data/raw/modeloutput
      md5: c7bee8c491a081c105bba1a425cc6cbc.dir
      size: 408020582059
      nfiles: 502
    outs:
    - path: data/intermediate
      md5: 0ec189a1ee0eebb67004f1f846e1893b.dir
      size: 19343425185
      nfiles: 1002
