schema: '2.0'
stages:
  postprocess_aggregate:
    cmd: mkdir data/intermediate; python scripts/postprocess_aggregate.py data/raw/modeloutput
      data/intermediate data/raw/misc/VN_MISC5_V2.nc
    deps:
    - path: data/raw/misc/VN_MISC5_V2.nc
      md5: 1e0083a0ef751734bcd1c246c7b08c95
      size: 1190675
    - path: data/raw/modeloutput
      md5: c7bee8c491a081c105bba1a425cc6cbc.dir
      size: 408020582059
      nfiles: 502
    outs:
    - path: data/intermediate
      md5: cb1400a0e6baf86e5e4355d26bfdc896.dir
      size: 190767018
      nfiles: 2
